<?xml version="1.0" encoding="utf-8"?>
<Project ToolsVersion="4.0" xmlns="http://schemas.microsoft.com/developer/msbuild/2003">
  <ItemGroup>
    <Filter Include="源文件">
      <UniqueIdentifier>{4FC737F1-C7A5-4376-A066-2A32D752A2FF}</UniqueIdentifier>
      <Extensions>cpp;c;cc;cxx;c++;cppm;ixx;def;odl;idl;hpj;bat;asm;asmx</Extensions>
    </Filter>
    <Filter Include="资源文件">
      <UniqueIdentifier>{67DA6AB6-F800-4c08-8B7A-83BB121AAD01}</UniqueIdentifier>
      <Extensions>rc;ico;cur;bmp;dlg;rc2;rct;bin;rgs;gif;jpg;jpeg;jpe;resx;tiff;tif;png;wav;mfcribbon-ms</Extensions>
    </Filter>
    <Filter Include="net">
      <UniqueIdentifier>{aaa4b9c4-16a1-46e7-b13b-c90f68294fd0}</UniqueIdentifier>
    </Filter>
    <Filter Include="game">
      <UniqueIdentifier>{f8b7401d-e75d-49b9-a0e4-16b0e4d61ef8}</UniqueIdentifier>
    </Filter>
    <Filter Include="core">
      <UniqueIdentifier>{3c35c1c6-14a1-4e39-a6f4-18a90e1441cf}</UniqueIdentifier>
    </Filter>
    <Filter Include="rules">
      <UniqueIdentifier>{24bd5dc9-838c-4971-8ab1-a5fc55259cda}</UniqueIdentifier>
    </Filter>
    <Filter Include="lesson">
      <UniqueIdentifier>{c3e7a38e-aa66-4794-8a35-b65093a270c8}</UniqueIdentifier>
    </Filter>
  </ItemGroup>
  <ItemGroup>
    <ClCompile Include="src\main.cpp">
      <Filter>源文件</Filter>
    </ClCompile>
    <ClCompile Include="rules\Rules.cpp">
      <Filter>rules</Filter>
    </ClCompile>
    <ClCompile Include="rules\Perft.cpp">
      <Filter>rules</Filter>
    </ClCompile>
    <ClCompile Include="net\Server.cpp">
      <Filter>net</Filter>
    </ClCompile>
    <ClCompile Include="net\Session.cpp">
      <Filter>net</Filter>
    </ClCompile>
    <ClCompile Include="lesson\LessonController.cpp">
      <Filter>lesson</Filter>
    </ClCompile>
    <ClCompile Include="game\AIPlayer.cpp">
      <Filter>game</Filter>
    </ClCompile>
    <ClCompile Include="game\GameRoom.cpp">
      <Filter>game</Filter>
    </ClCompile>
    <ClCompile Include="game\NetworkPlayer.cpp">
      <Filter>game</Filter>
    </ClCompile>
    <ClCompile Include="game\Player.cpp">
      <Filter>game</Filter>
    </ClCompile>
    <ClCompile Include="game\PlayerIdGenerator.cpp">
      <Filter>game</Filter>
    </ClCompile>
    <ClCompile Include="game\RoomManager.cpp">
      <Filter>game</Filter>
    </ClCompile>
    <ClCompile Include="game\StockfishEngine.cpp">
      <Filter>game</Filter>
    </ClCompile>
    <ClCompile Include="core\MoveValidator.cpp">
      <Filter>core</Filter>
    </ClCompile>
    <ClCompile Include="core\MoveGenerator.cpp">
      <Filter>core</Filter>
    </ClCompile>
    <ClCompile Include="core\CheckEvaluator.cpp">
      <Filter>core</Filter>
    </ClCompile>
    <ClCompile Include="core\Board.cpp">
      <Filter>core</Filter>
    </ClCompile>
  </ItemGroup>
  <ItemGroup>
    <ClInclude Include="rules\Perft.h">
      <Filter>rules</Filter>
    </ClInclude>
    <ClInclude Include="rules\Rules.h">
      <Filter>rules</Filter>
    </ClInclude>
    <ClInclude Include="net\Session.h">
      <Filter>net</Filter>
    </ClInclude>
    <ClInclude Include="net\Server.h">
      <Filter>net</Filter>
    </ClInclude>
    <ClInclude Include="game\AIPlayer.h">
      <Filter>game</Filter>
    </ClInclude>
    <ClInclude Include="game\NetworkPlayer.h">
      <Filter>game</Filter>
    </ClInclude>
    <ClInclude Include="game\GameRoom.h">
      <Filter>game</Filter>
    </ClInclude>
    <ClInclude Include="game\Player.h">
      <Filter>game</Filter>
    </ClInclude>
    <ClInclude Include="game\PlayerIdGenerator.h">
      <Filter>game</Filter>
    </ClInclude>
    <ClInclude Include="game\RoomManager.h">
      <Filter>game</Filter>
    </ClInclude>
    <ClInclude Include="game\StockfishEngine.h">
      <Filter>game</Filter>
    </ClInclude>
    <ClInclude Include="game\TimeControl.h">
      <Filter>game</Filter>
    </ClInclude>
    <ClInclude Include="core\Board.h">
      <Filter>core</Filter>
    </ClInclude>
    <ClInclude Include="core\CheckEvaluator.h">
      <Filter>core</Filter>
    </ClInclude>
    <ClInclude Include="core\Move.h">
      <Filter>core</Filter>
    </ClInclude>
    <ClInclude Include="core\MoveGenerator.h">
      <Filter>core</Filter>
    </ClInclude>
    <ClInclude Include="core\MoveValidator.h">
      <Filter>core</Filter>
    </ClInclude>
    <ClInclude Include="core\Piece.h">
      <Filter>core</Filter>
    </ClInclude>
    <ClInclude Include="lesson\LessonStep.h">
      <Filter>lesson</Filter>
    </ClInclude>
    <ClInclude Include="lesson\LessonController.h">
      <Filter>lesson</Filter>
    </ClInclude>
  </ItemGroup>
</Project>
